// !$*UTF8*$!
{
	archiveVersion = 1;
	classes = {
	};
	objectVersion = 50;
	objects = {

/* Begin PBXBuildFile section */
		930A8ABF25B1B01B001D91CF /* AppDelegate.swift in Sources */ = {isa = PBXBuildFile; fileRef = 930A8ABE25B1B01B001D91CF /* AppDelegate.swift */; };
		930A8AC825B1B01C001D91CF /* Assets.xcassets in Resources */ = {isa = PBXBuildFile; fileRef = 930A8AC725B1B01C001D91CF /* Assets.xcassets */; };
		930A8AD625B1B01C001D91CF /* blindTestiOSTests.swift in Sources */ = {isa = PBXBuildFile; fileRef = 930A8AD525B1B01C001D91CF /* blindTestiOSTests.swift */; };
		930A8AE125B1B01C001D91CF /* blindTestiOSUITests.swift in Sources */ = {isa = PBXBuildFile; fileRef = 930A8AE025B1B01C001D91CF /* blindTestiOSUITests.swift */; };
		930A8AFA25B1B1A4001D91CF /* MainViewController.swift in Sources */ = {isa = PBXBuildFile; fileRef = 930A8AF825B1B1A4001D91CF /* MainViewController.swift */; };
		930A8AFB25B1B1A4001D91CF /* MainViewController.xib in Resources */ = {isa = PBXBuildFile; fileRef = 930A8AF925B1B1A4001D91CF /* MainViewController.xib */; };
/* End PBXBuildFile section */

/* Begin PBXContainerItemProxy section */
		930A8AD225B1B01C001D91CF /* PBXContainerItemProxy */ = {
			isa = PBXContainerItemProxy;
			containerPortal = 930A8AB325B1B01B001D91CF /* Project object */;
			proxyType = 1;
			remoteGlobalIDString = 930A8ABA25B1B01B001D91CF;
			remoteInfo = blindTestiOS;
		};
		930A8ADD25B1B01C001D91CF /* PBXContainerItemProxy */ = {
			isa = PBXContainerItemProxy;
			containerPortal = 930A8AB325B1B01B001D91CF /* Project object */;
			proxyType = 1;
			remoteGlobalIDString = 930A8ABA25B1B01B001D91CF;
			remoteInfo = blindTestiOS;
		};
/* End PBXContainerItemProxy section */

/* Begin PBXFileReference section */
		930A8ABB25B1B01B001D91CF /* blindTestiOS.app */ = {isa = PBXFileReference; explicitFileType = wrapper.application; includeInIndex = 0; path = blindTestiOS.app; sourceTree = BUILT_PRODUCTS_DIR; };
		930A8ABE25B1B01B001D91CF /* AppDelegate.swift */ = {isa = PBXFileReference; lastKnownFileType = sourcecode.swift; path = AppDelegate.swift; sourceTree = "<group>"; };
		930A8AC725B1B01C001D91CF /* Assets.xcassets */ = {isa = PBXFileReference; lastKnownFileType = folder.assetcatalog; path = Assets.xcassets; sourceTree = "<group>"; };
		930A8ACC25B1B01C001D91CF /* Info.plist */ = {isa = PBXFileReference; lastKnownFileType = text.plist.xml; path = Info.plist; sourceTree = "<group>"; };
		930A8AD125B1B01C001D91CF /* blindTestiOSTests.xctest */ = {isa = PBXFileReference; explicitFileType = wrapper.cfbundle; includeInIndex = 0; path = blindTestiOSTests.xctest; sourceTree = BUILT_PRODUCTS_DIR; };
		930A8AD525B1B01C001D91CF /* blindTestiOSTests.swift */ = {isa = PBXFileReference; lastKnownFileType = sourcecode.swift; path = blindTestiOSTests.swift; sourceTree = "<group>"; };
		930A8AD725B1B01C001D91CF /* Info.plist */ = {isa = PBXFileReference; lastKnownFileType = text.plist.xml; path = Info.plist; sourceTree = "<group>"; };
		930A8ADC25B1B01C001D91CF /* blindTestiOSUITests.xctest */ = {isa = PBXFileReference; explicitFileType = wrapper.cfbundle; includeInIndex = 0; path = blindTestiOSUITests.xctest; sourceTree = BUILT_PRODUCTS_DIR; };
		930A8AE025B1B01C001D91CF /* blindTestiOSUITests.swift */ = {isa = PBXFileReference; lastKnownFileType = sourcecode.swift; path = blindTestiOSUITests.swift; sourceTree = "<group>"; };
		930A8AE225B1B01C001D91CF /* Info.plist */ = {isa = PBXFileReference; lastKnownFileType = text.plist.xml; path = Info.plist; sourceTree = "<group>"; };
		930A8AF825B1B1A4001D91CF /* MainViewController.swift */ = {isa = PBXFileReference; lastKnownFileType = sourcecode.swift; path = MainViewController.swift; sourceTree = "<group>"; };
		930A8AF925B1B1A4001D91CF /* MainViewController.xib */ = {isa = PBXFileReference; lastKnownFileType = file.xib; path = MainViewController.xib; sourceTree = "<group>"; };
/* End PBXFileReference section */

/* Begin PBXFrameworksBuildPhase section */
		930A8AB825B1B01B001D91CF /* Frameworks */ = {
			isa = PBXFrameworksBuildPhase;
			buildActionMask = 2147483647;
			files = (
			);
			runOnlyForDeploymentPostprocessing = 0;
		};
		930A8ACE25B1B01C001D91CF /* Frameworks */ = {
			isa = PBXFrameworksBuildPhase;
			buildActionMask = 2147483647;
			files = (
			);
			runOnlyForDeploymentPostprocessing = 0;
		};
		930A8AD925B1B01C001D91CF /* Frameworks */ = {
			isa = PBXFrameworksBuildPhase;
			buildActionMask = 2147483647;
			files = (
			);
			runOnlyForDeploymentPostprocessing = 0;
		};
/* End PBXFrameworksBuildPhase section */

/* Begin PBXGroup section */
		930A8AB225B1B01B001D91CF = {
			isa = PBXGroup;
			children = (
				930A8ABD25B1B01B001D91CF /* blindTestiOS */,
				930A8AD425B1B01C001D91CF /* blindTestiOSTests */,
				930A8ADF25B1B01C001D91CF /* blindTestiOSUITests */,
				930A8ABC25B1B01B001D91CF /* Products */,
			);
			sourceTree = "<group>";
		};
		930A8ABC25B1B01B001D91CF /* Products */ = {
			isa = PBXGroup;
			children = (
				930A8ABB25B1B01B001D91CF /* blindTestiOS.app */,
				930A8AD125B1B01C001D91CF /* blindTestiOSTests.xctest */,
				930A8ADC25B1B01C001D91CF /* blindTestiOSUITests.xctest */,
			);
			name = Products;
			sourceTree = "<group>";
		};
		930A8ABD25B1B01B001D91CF /* blindTestiOS */ = {
			isa = PBXGroup;
			children = (
				930A8ABE25B1B01B001D91CF /* AppDelegate.swift */,
				930A8AC725B1B01C001D91CF /* Assets.xcassets */,
				930A8ACC25B1B01C001D91CF /* Info.plist */,
				930A8AF825B1B1A4001D91CF /* MainViewController.swift */,
				930A8AF925B1B1A4001D91CF /* MainViewController.xib */,
			);
			path = blindTestiOS;
			sourceTree = "<group>";
		};
		930A8AD425B1B01C001D91CF /* blindTestiOSTests */ = {
			isa = PBXGroup;
			children = (
				930A8AD525B1B01C001D91CF /* blindTestiOSTests.swift */,
				930A8AD725B1B01C001D91CF /* Info.plist */,
			);
			path = blindTestiOSTests;
			sourceTree = "<group>";
		};
		930A8ADF25B1B01C001D91CF /* blindTestiOSUITests */ = {
			isa = PBXGroup;
			children = (
				930A8AE025B1B01C001D91CF /* blindTestiOSUITests.swift */,
				930A8AE225B1B01C001D91CF /* Info.plist */,
			);
			path = blindTestiOSUITests;
			sourceTree = "<group>";
		};
/* End PBXGroup section */

/* Begin PBXNativeTarget section */
		930A8ABA25B1B01B001D91CF /* blindTestiOS */ = {
			isa = PBXNativeTarget;
			buildConfigurationList = 930A8AE525B1B01C001D91CF /* Build configuration list for PBXNativeTarget "blindTestiOS" */;
			buildPhases = (
				930A8AB725B1B01B001D91CF /* Sources */,
				930A8AB825B1B01B001D91CF /* Frameworks */,
				930A8AB925B1B01B001D91CF /* Resources */,
			);
			buildRules = (
			);
			dependencies = (
			);
			name = blindTestiOS;
			productName = blindTestiOS;
			productReference = 930A8ABB25B1B01B001D91CF /* blindTestiOS.app */;
			productType = "com.apple.product-type.application";
		};
		930A8AD025B1B01C001D91CF /* blindTestiOSTests */ = {
			isa = PBXNativeTarget;
			buildConfigurationList = 930A8AE825B1B01C001D91CF /* Build configuration list for PBXNativeTarget "blindTestiOSTests" */;
			buildPhases = (
				930A8ACD25B1B01C001D91CF /* Sources */,
				930A8ACE25B1B01C001D91CF /* Frameworks */,
				930A8ACF25B1B01C001D91CF /* Resources */,
			);
			buildRules = (
			);
			dependencies = (
				930A8AD325B1B01C001D91CF /* PBXTargetDependency */,
			);
			name = blindTestiOSTests;
			productName = blindTestiOSTests;
			productReference = 930A8AD125B1B01C001D91CF /* blindTestiOSTests.xctest */;
			productType = "com.apple.product-type.bundle.unit-test";
		};
		930A8ADB25B1B01C001D91CF /* blindTestiOSUITests */ = {
			isa = PBXNativeTarget;
			buildConfigurationList = 930A8AEB25B1B01C001D91CF /* Build configuration list for PBXNativeTarget "blindTestiOSUITests" */;
			buildPhases = (
				930A8AD825B1B01C001D91CF /* Sources */,
				930A8AD925B1B01C001D91CF /* Frameworks */,
				930A8ADA25B1B01C001D91CF /* Resources */,
			);
			buildRules = (
			);
			dependencies = (
				930A8ADE25B1B01C001D91CF /* PBXTargetDependency */,
			);
			name = blindTestiOSUITests;
			productName = blindTestiOSUITests;
			productReference = 930A8ADC25B1B01C001D91CF /* blindTestiOSUITests.xctest */;
			productType = "com.apple.product-type.bundle.ui-testing";
		};
/* End PBXNativeTarget section */

/* Begin PBXProject section */
		930A8AB325B1B01B001D91CF /* Project object */ = {
			isa = PBXProject;
			attributes = {
				LastSwiftUpdateCheck = 1230;
				LastUpgradeCheck = 1230;
				TargetAttributes = {
					930A8ABA25B1B01B001D91CF = {
						CreatedOnToolsVersion = 12.3;
					};
					930A8AD025B1B01C001D91CF = {
						CreatedOnToolsVersion = 12.3;
						TestTargetID = 930A8ABA25B1B01B001D91CF;
					};
					930A8ADB25B1B01C001D91CF = {
						CreatedOnToolsVersion = 12.3;
						TestTargetID = 930A8ABA25B1B01B001D91CF;
					};
				};
			};
			buildConfigurationList = 930A8AB625B1B01B001D91CF /* Build configuration list for PBXProject "blindTestiOS" */;
			compatibilityVersion = "Xcode 9.3";
			developmentRegion = en;
			hasScannedForEncodings = 0;
			knownRegions = (
				en,
				Base,
			);
			mainGroup = 930A8AB225B1B01B001D91CF;
			productRefGroup = 930A8ABC25B1B01B001D91CF /* Products */;
			projectDirPath = "";
			projectRoot = "";
			targets = (
				930A8ABA25B1B01B001D91CF /* blindTestiOS */,
				930A8AD025B1B01C001D91CF /* blindTestiOSTests */,
				930A8ADB25B1B01C001D91CF /* blindTestiOSUITests */,
			);
		};
/* End PBXProject section */

/* Begin PBXResourcesBuildPhase section */
		930A8AB925B1B01B001D91CF /* Resources */ = {
			isa = PBXResourcesBuildPhase;
			buildActionMask = 2147483647;
			files = (
				930A8AC825B1B01C001D91CF /* Assets.xcassets in Resources */,
				930A8AFB25B1B1A4001D91CF /* MainViewController.xib in Resources */,
			);
			runOnlyForDeploymentPostprocessing = 0;
		};
		930A8ACF25B1B01C001D91CF /* Resources */ = {
			isa = PBXResourcesBuildPhase;
			buildActionMask = 2147483647;
			files = (
			);
			runOnlyForDeploymentPostprocessing = 0;
		};
		930A8ADA25B1B01C001D91CF /* Resources */ = {
			isa = PBXResourcesBuildPhase;
			buildActionMask = 2147483647;
			files = (
			);
			runOnlyForDeploymentPostprocessing = 0;
		};
/* End PBXResourcesBuildPhase section */

/* Begin PBXSourcesBuildPhase section */
		930A8AB725B1B01B001D91CF /* Sources */ = {
			isa = PBXSourcesBuildPhase;
			buildActionMask = 2147483647;
			files = (
				930A8ABF25B1B01B001D91CF /* AppDelegate.swift in Sources */,
				930A8AFA25B1B1A4001D91CF /* MainViewController.swift in Sources */,
			);
			runOnlyForDeploymentPostprocessing = 0;
		};
		930A8ACD25B1B01C001D91CF /* Sources */ = {
			isa = PBXSourcesBuildPhase;
			buildActionMask = 2147483647;
			files = (
				930A8AD625B1B01C001D91CF /* blindTestiOSTests.swift in Sources */,
			);
			runOnlyForDeploymentPostprocessing = 0;
		};
		930A8AD825B1B01C001D91CF /* Sources */ = {
			isa = PBXSourcesBuildPhase;
			buildActionMask = 2147483647;
			files = (
				930A8AE125B1B01C001D91CF /* blindTestiOSUITests.swift in Sources */,
			);
			runOnlyForDeploymentPostprocessing = 0;
		};
/* End PBXSourcesBuildPhase section */

/* Begin PBXTargetDependency section */
		930A8AD325B1B01C001D91CF /* PBXTargetDependency */ = {
			isa = PBXTargetDependency;
			target = 930A8ABA25B1B01B001D91CF /* blindTestiOS */;
			targetProxy = 930A8AD225B1B01C001D91CF /* PBXContainerItemProxy */;
		};
		930A8ADE25B1B01C001D91CF /* PBXTargetDependency */ = {
			isa = PBXTargetDependency;
			target = 930A8ABA25B1B01B001D91CF /* blindTestiOS */;
			targetProxy = 930A8ADD25B1B01C001D91CF /* PBXContainerItemProxy */;
		};
/* End PBXTargetDependency section */

/* Begin XCBuildConfiguration section */
		930A8AE325B1B01C001D91CF /* Debug */ = {
			isa = XCBuildConfiguration;
			buildSettings = {
				ALWAYS_SEARCH_USER_PATHS = NO;
				CLANG_ANALYZER_NONNULL = YES;
				CLANG_ANALYZER_NUMBER_OBJECT_CONVERSION = YES_AGGRESSIVE;
				CLANG_CXX_LANGUAGE_STANDARD = "gnu++14";
				CLANG_CXX_LIBRARY = "libc++";
				CLANG_ENABLE_MODULES = YES;
				CLANG_ENABLE_OBJC_ARC = YES;
				CLANG_ENABLE_OBJC_WEAK = YES;
				CLANG_WARN_BLOCK_CAPTURE_AUTORELEASING = YES;
				CLANG_WARN_BOOL_CONVERSION = YES;
				CLANG_WARN_COMMA = YES;
				CLANG_WARN_CONSTANT_CONVERSION = YES;
				CLANG_WARN_DEPRECATED_OBJC_IMPLEMENTATIONS = YES;
				CLANG_WARN_DIRECT_OBJC_ISA_USAGE = YES_ERROR;
				CLANG_WARN_DOCUMENTATION_COMMENTS = YES;
				CLANG_WARN_EMPTY_BODY = YES;
				CLANG_WARN_ENUM_CONVERSION = YES;
				CLANG_WARN_INFINITE_RECURSION = YES;
				CLANG_WARN_INT_CONVERSION = YES;
				CLANG_WARN_NON_LITERAL_NULL_CONVERSION = YES;
				CLANG_WARN_OBJC_IMPLICIT_RETAIN_SELF = YES;
				CLANG_WARN_OBJC_LITERAL_CONVERSION = YES;
				CLANG_WARN_OBJC_ROOT_CLASS = YES_ERROR;
				CLANG_WARN_QUOTED_INCLUDE_IN_FRAMEWORK_HEADER = YES;
				CLANG_WARN_RANGE_LOOP_ANALYSIS = YES;
				CLANG_WARN_STRICT_PROTOTYPES = YES;
				CLANG_WARN_SUSPICIOUS_MOVE = YES;
				CLANG_WARN_UNGUARDED_AVAILABILITY = YES_AGGRESSIVE;
				CLANG_WARN_UNREACHABLE_CODE = YES;
				CLANG_WARN__DUPLICATE_METHOD_MATCH = YES;
				COPY_PHASE_STRIP = NO;
				DEBUG_INFORMATION_FORMAT = dwarf;
				ENABLE_STRICT_OBJC_MSGSEND = YES;
				ENABLE_TESTABILITY = YES;
				GCC_C_LANGUAGE_STANDARD = gnu11;
				GCC_DYNAMIC_NO_PIC = NO;
				GCC_NO_COMMON_BLOCKS = YES;
				GCC_OPTIMIZATION_LEVEL = 0;
				GCC_PREPROCESSOR_DEFINITIONS = (
					"DEBUG=1",
					"$(inherited)",
				);
				GCC_WARN_64_TO_32_BIT_CONVERSION = YES;
				GCC_WARN_ABOUT_RETURN_TYPE = YES_ERROR;
				GCC_WARN_UNDECLARED_SELECTOR = YES;
				GCC_WARN_UNINITIALIZED_AUTOS = YES_AGGRESSIVE;
				GCC_WARN_UNUSED_FUNCTION = YES;
				GCC_WARN_UNUSED_VARIABLE = YES;
				IPHONEOS_DEPLOYMENT_TARGET = 14.3;
				MTL_ENABLE_DEBUG_INFO = INCLUDE_SOURCE;
				MTL_FAST_MATH = YES;
				ONLY_ACTIVE_ARCH = YES;
				SDKROOT = iphoneos;
				SWIFT_ACTIVE_COMPILATION_CONDITIONS = DEBUG;
				SWIFT_OPTIMIZATION_LEVEL = "-Onone";
			};
			name = Debug;
		};
		930A8AE425B1B01C001D91CF /* Release */ = {
			isa = XCBuildConfiguration;
			buildSettings = {
				ALWAYS_SEARCH_USER_PATHS = NO;
				CLANG_ANALYZER_NONNULL = YES;
				CLANG_ANALYZER_NUMBER_OBJECT_CONVERSION = YES_AGGRESSIVE;
				CLANG_CXX_LANGUAGE_STANDARD = "gnu++14";
				CLANG_CXX_LIBRARY = "libc++";
				CLANG_ENABLE_MODULES = YES;
				CLANG_ENABLE_OBJC_ARC = YES;
				CLANG_ENABLE_OBJC_WEAK = YES;
				CLANG_WARN_BLOCK_CAPTURE_AUTORELEASING = YES;
				CLANG_WARN_BOOL_CONVERSION = YES;
				CLANG_WARN_COMMA = YES;
				CLANG_WARN_CONSTANT_CONVERSION = YES;
				CLANG_WARN_DEPRECATED_OBJC_IMPLEMENTATIONS = YES;
				CLANG_WARN_DIRECT_OBJC_ISA_USAGE = YES_ERROR;
				CLANG_WARN_DOCUMENTATION_COMMENTS = YES;
				CLANG_WARN_EMPTY_BODY = YES;
				CLANG_WARN_ENUM_CONVERSION = YES;
				CLANG_WARN_INFINITE_RECURSION = YES;
				CLANG_WARN_INT_CONVERSION = YES;
				CLANG_WARN_NON_LITERAL_NULL_CONVERSION = YES;
				CLANG_WARN_OBJC_IMPLICIT_RETAIN_SELF = YES;
				CLANG_WARN_OBJC_LITERAL_CONVERSION = YES;
				CLANG_WARN_OBJC_ROOT_CLASS = YES_ERROR;
				CLANG_WARN_QUOTED_INCLUDE_IN_FRAMEWORK_HEADER = YES;
				CLANG_WARN_RANGE_LOOP_ANALYSIS = YES;
				CLANG_WARN_STRICT_PROTOTYPES = YES;
				CLANG_WARN_SUSPICIOUS_MOVE = YES;
				CLANG_WARN_UNGUARDED_AVAILABILITY = YES_AGGRESSIVE;
				CLANG_WARN_UNREACHABLE_CODE = YES;
				CLANG_WARN__DUPLICATE_METHOD_MATCH = YES;
				COPY_PHASE_STRIP = NO;
				DEBUG_INFORMATION_FORMAT = "dwarf-with-dsym";
				ENABLE_NS_ASSERTIONS = NO;
				ENABLE_STRICT_OBJC_MSGSEND = YES;
				GCC_C_LANGUAGE_STANDARD = gnu11;
				GCC_NO_COMMON_BLOCKS = YES;
				GCC_WARN_64_TO_32_BIT_CONVERSION = YES;
				GCC_WARN_ABOUT_RETURN_TYPE = YES_ERROR;
				GCC_WARN_UNDECLARED_SELECTOR = YES;
				GCC_WARN_UNINITIALIZED_AUTOS = YES_AGGRESSIVE;
				GCC_WARN_UNUSED_FUNCTION = YES;
				GCC_WARN_UNUSED_VARIABLE = YES;
				IPHONEOS_DEPLOYMENT_TARGET = 14.3;
				MTL_ENABLE_DEBUG_INFO = NO;
				MTL_FAST_MATH = YES;
				SDKROOT = iphoneos;
				SWIFT_COMPILATION_MODE = wholemodule;
				SWIFT_OPTIMIZATION_LEVEL = "-O";
				VALIDATE_PRODUCT = YES;
			};
			name = Release;
		};
		930A8AE625B1B01C001D91CF /* Debug */ = {
			isa = XCBuildConfiguration;
			buildSettings = {
				ASSETCATALOG_COMPILER_APPICON_NAME = AppIcon;
				ASSETCATALOG_COMPILER_GLOBAL_ACCENT_COLOR_NAME = AccentColor;
				CODE_SIGN_STYLE = Automatic;
				INFOPLIST_FILE = blindTestiOS/Info.plist;
				LD_RUNPATH_SEARCH_PATHS = (
					"$(inherited)",
					"@executable_path/Frameworks",
				);
				PRODUCT_BUNDLE_IDENTIFIER = "thibma-rosee.blindTestiOS";
				PRODUCT_NAME = "$(TARGET_NAME)";
				SWIFT_VERSION = 5.0;
				TARGETED_DEVICE_FAMILY = "1,2";
			};
			name = Debug;
		};
		930A8AE725B1B01C001D91CF /* Release */ = {
			isa = XCBuildConfiguration;
			buildSettings = {
				ASSETCATALOG_COMPILER_APPICON_NAME = AppIcon;
				ASSETCATALOG_COMPILER_GLOBAL_ACCENT_COLOR_NAME = AccentColor;
				CODE_SIGN_STYLE = Automatic;
				INFOPLIST_FILE = blindTestiOS/Info.plist;
				LD_RUNPATH_SEARCH_PATHS = (
					"$(inherited)",
					"@executable_path/Frameworks",
				);
				PRODUCT_BUNDLE_IDENTIFIER = "thibma-rosee.blindTestiOS";
				PRODUCT_NAME = "$(TARGET_NAME)";
				SWIFT_VERSION = 5.0;
				TARGETED_DEVICE_FAMILY = "1,2";
			};
			name = Release;
		};
		930A8AE925B1B01C001D91CF /* Debug */ = {
			isa = XCBuildConfiguration;
			buildSettings = {
				ALWAYS_EMBED_SWIFT_STANDARD_LIBRARIES = YES;
				BUNDLE_LOADER = "$(TEST_HOST)";
				CODE_SIGN_STYLE = Automatic;
				INFOPLIST_FILE = blindTestiOSTests/Info.plist;
				IPHONEOS_DEPLOYMENT_TARGET = 14.3;
				LD_RUNPATH_SEARCH_PATHS = (
					"$(inherited)",
					"@executable_path/Frameworks",
					"@loader_path/Frameworks",
				);
				PRODUCT_BUNDLE_IDENTIFIER = "thibma-rosee.blindTestiOSTests";
				PRODUCT_NAME = "$(TARGET_NAME)";
				SWIFT_VERSION = 5.0;
				TARGETED_DEVICE_FAMILY = "1,2";
				TEST_HOST = "$(BUILT_PRODUCTS_DIR)/blindTestiOS.app/blindTestiOS";
			};
			name = Debug;
		};
		930A8AEA25B1B01C001D91CF /* Release */ = {
			isa = XCBuildConfiguration;
			buildSettings = {
				ALWAYS_EMBED_SWIFT_STANDARD_LIBRARIES = YES;
				BUNDLE_LOADER = "$(TEST_HOST)";
				CODE_SIGN_STYLE = Automatic;
				INFOPLIST_FILE = blindTestiOSTests/Info.plist;
				IPHONEOS_DEPLOYMENT_TARGET = 14.3;
				LD_RUNPATH_SEARCH_PATHS = (
					"$(inherited)",
					"@executable_path/Frameworks",
					"@loader_path/Frameworks",
				);
				PRODUCT_BUNDLE_IDENTIFIER = "thibma-rosee.blindTestiOSTests";
				PRODUCT_NAME = "$(TARGET_NAME)";
				SWIFT_VERSION = 5.0;
				TARGETED_DEVICE_FAMILY = "1,2";
				TEST_HOST = "$(BUILT_PRODUCTS_DIR)/blindTestiOS.app/blindTestiOS";
			};
			name = Release;
		};
		930A8AEC25B1B01C001D91CF /* Debug */ = {
			isa = XCBuildConfiguration;
			buildSettings = {
				ALWAYS_EMBED_SWIFT_STANDARD_LIBRARIES = YES;
				CODE_SIGN_STYLE = Automatic;
				INFOPLIST_FILE = blindTestiOSUITests/Info.plist;
				LD_RUNPATH_SEARCH_PATHS = (
					"$(inherited)",
					"@executable_path/Frameworks",
					"@loader_path/Frameworks",
				);
				PRODUCT_BUNDLE_IDENTIFIER = "thibma-rosee.blindTestiOSUITests";
				PRODUCT_NAME = "$(TARGET_NAME)";
				SWIFT_VERSION = 5.0;
				TARGETED_DEVICE_FAMILY = "1,2";
				TEST_TARGET_NAME = blindTestiOS;
			};
			name = Debug;
		};
		930A8AED25B1B01C001D91CF /* Release */ = {
			isa = XCBuildConfiguration;
			buildSettings = {
				ALWAYS_EMBED_SWIFT_STANDARD_LIBRARIES = YES;
				CODE_SIGN_STYLE = Automatic;
				INFOPLIST_FILE = blindTestiOSUITests/Info.plist;
				LD_RUNPATH_SEARCH_PATHS = (
					"$(inherited)",
					"@executable_path/Frameworks",
					"@loader_path/Frameworks",
				);
				PRODUCT_BUNDLE_IDENTIFIER = "thibma-rosee.blindTestiOSUITests";
				PRODUCT_NAME = "$(TARGET_NAME)";
				SWIFT_VERSION = 5.0;
				TARGETED_DEVICE_FAMILY = "1,2";
				TEST_TARGET_NAME = blindTestiOS;
			};
			name = Release;
		};
/* End XCBuildConfiguration section */

/* Begin XCConfigurationList section */
		930A8AB625B1B01B001D91CF /* Build configuration list for PBXProject "blindTestiOS" */ = {
			isa = XCConfigurationList;
			buildConfigurations = (
				930A8AE325B1B01C001D91CF /* Debug */,
				930A8AE425B1B01C001D91CF /* Release */,
			);
			defaultConfigurationIsVisible = 0;
			defaultConfigurationName = Release;
		};
		930A8AE525B1B01C001D91CF /* Build configuration list for PBXNativeTarget "blindTestiOS" */ = {
			isa = XCConfigurationList;
			buildConfigurations = (
				930A8AE625B1B01C001D91CF /* Debug */,
				930A8AE725B1B01C001D91CF /* Release */,
			);
			defaultConfigurationIsVisible = 0;
			defaultConfigurationName = Release;
		};
		930A8AE825B1B01C001D91CF /* Build configuration list for PBXNativeTarget "blindTestiOSTests" */ = {
			isa = XCConfigurationList;
			buildConfigurations = (
				930A8AE925B1B01C001D91CF /* Debug */,
				930A8AEA25B1B01C001D91CF /* Release */,
			);
			defaultConfigurationIsVisible = 0;
			defaultConfigurationName = Release;
		};
		930A8AEB25B1B01C001D91CF /* Build configuration list for PBXNativeTarget "blindTestiOSUITests" */ = {
			isa = XCConfigurationList;
			buildConfigurations = (
				930A8AEC25B1B01C001D91CF /* Debug */,
				930A8AED25B1B01C001D91CF /* Release */,
			);
			defaultConfigurationIsVisible = 0;
			defaultConfigurationName = Release;
		};
/* End XCConfigurationList section */
	};
	rootObject = 930A8AB325B1B01B001D91CF /* Project object */;
}
