// !$*UTF8*$!
{
	archiveVersion = 1;
	classes = {
	};
	objectVersion = 50;
	objects = {

/* Begin PBXBuildFile section */
		220F8A7D25D2D4440073DDD5 /* HMCharacteristic.swift in Sources */ = {isa = PBXBuildFile; fileRef = 220F8A7C25D2D4440073DDD5 /* HMCharacteristic.swift */; };
		227CF69925D42D9000023EF1 /* HMHome.swift in Sources */ = {isa = PBXBuildFile; fileRef = 227CF69825D42D9000023EF1 /* HMHome.swift */; };
		227CF69E25D4314A00023EF1 /* HMRoom.swift in Sources */ = {isa = PBXBuildFile; fileRef = 227CF69D25D4314A00023EF1 /* HMRoom.swift */; };
		22D3B6CB25D251A700664EB7 /* HomeKit.framework in Frameworks */ = {isa = PBXBuildFile; fileRef = 22D3B6CA25D251A700664EB7 /* HomeKit.framework */; };
		22D3B6D425D254F100664EB7 /* HomeStore.swift in Sources */ = {isa = PBXBuildFile; fileRef = 22D3B6D325D254F100664EB7 /* HomeStore.swift */; };
		930A8ABF25B1B01B001D91CF /* AppDelegate.swift in Sources */ = {isa = PBXBuildFile; fileRef = 930A8ABE25B1B01B001D91CF /* AppDelegate.swift */; };
		930A8AC825B1B01C001D91CF /* Assets.xcassets in Resources */ = {isa = PBXBuildFile; fileRef = 930A8AC725B1B01C001D91CF /* Assets.xcassets */; };
		930A8AD625B1B01C001D91CF /* blindTestiOSTests.swift in Sources */ = {isa = PBXBuildFile; fileRef = 930A8AD525B1B01C001D91CF /* blindTestiOSTests.swift */; };
		930A8AE125B1B01C001D91CF /* blindTestiOSUITests.swift in Sources */ = {isa = PBXBuildFile; fileRef = 930A8AE025B1B01C001D91CF /* blindTestiOSUITests.swift */; };
		930A8AFA25B1B1A4001D91CF /* WelcomeViewController.swift in Sources */ = {isa = PBXBuildFile; fileRef = 930A8AF825B1B1A4001D91CF /* WelcomeViewController.swift */; };
		930A8AFB25B1B1A4001D91CF /* WelcomeViewController.xib in Resources */ = {isa = PBXBuildFile; fileRef = 930A8AF925B1B1A4001D91CF /* WelcomeViewController.xib */; };
		930A8B0525B1DE29001D91CF /* GameKit.framework in Frameworks */ = {isa = PBXBuildFile; fileRef = 930A8B0425B1DE29001D91CF /* GameKit.framework */; };
		9345B7DF25BDAF0700E2B406 /* InGameViewController.swift in Sources */ = {isa = PBXBuildFile; fileRef = 9345B7DD25BDAF0700E2B406 /* InGameViewController.swift */; };
		9345B7E025BDAF0700E2B406 /* InGameViewController.xib in Resources */ = {isa = PBXBuildFile; fileRef = 9345B7DE25BDAF0700E2B406 /* InGameViewController.xib */; };
		9365846C25BEDE82002E6CB6 /* UserWebServices.swift in Sources */ = {isa = PBXBuildFile; fileRef = 9365846B25BEDE82002E6CB6 /* UserWebServices.swift */; };
		9365847325BEDEEE002E6CB6 /* API.swift in Sources */ = {isa = PBXBuildFile; fileRef = 9365847225BEDEEE002E6CB6 /* API.swift */; };
		9366E07225BB58D20043DEE0 /* User.swift in Sources */ = {isa = PBXBuildFile; fileRef = 9366E07125BB58D20043DEE0 /* User.swift */; };
		9366E07725BB58DE0043DEE0 /* UserFactory.swift in Sources */ = {isa = PBXBuildFile; fileRef = 9366E07625BB58DE0043DEE0 /* UserFactory.swift */; };
		937FE0D825BB41AA00527447 /* UITextField.swift in Sources */ = {isa = PBXBuildFile; fileRef = 937FE0D725BB41AA00527447 /* UITextField.swift */; };
		93984FE425CDC7C900AD2FF1 /* PauseViewController.swift in Sources */ = {isa = PBXBuildFile; fileRef = 93984FE225CDC7C900AD2FF1 /* PauseViewController.swift */; };
		93984FE525CDC7C900AD2FF1 /* PauseViewController.xib in Resources */ = {isa = PBXBuildFile; fileRef = 93984FE325CDC7C900AD2FF1 /* PauseViewController.xib */; };
		9398948925BEE1C400906699 /* ApiResponseFactory.swift in Sources */ = {isa = PBXBuildFile; fileRef = 9398948825BEE1C400906699 /* ApiResponseFactory.swift */; };
		9398948E25BEE20B00906699 /* ApiResponse.swift in Sources */ = {isa = PBXBuildFile; fileRef = 9398948D25BEE20B00906699 /* ApiResponse.swift */; };
		93AC010825B8BB02009F29CF /* LoginViewController.swift in Sources */ = {isa = PBXBuildFile; fileRef = 93AC010625B8BB02009F29CF /* LoginViewController.swift */; };
		93AC010925B8BB02009F29CF /* LoginViewController.xib in Resources */ = {isa = PBXBuildFile; fileRef = 93AC010725B8BB02009F29CF /* LoginViewController.xib */; };
		93AC011225B8BB22009F29CF /* SignUpViewController.swift in Sources */ = {isa = PBXBuildFile; fileRef = 93AC011025B8BB22009F29CF /* SignUpViewController.swift */; };
		93AC011325B8BB22009F29CF /* SignUpViewController.xib in Resources */ = {isa = PBXBuildFile; fileRef = 93AC011125B8BB22009F29CF /* SignUpViewController.xib */; };
		93AC011925B8BB79009F29CF /* WaitingScreenViewController.swift in Sources */ = {isa = PBXBuildFile; fileRef = 93AC011725B8BB79009F29CF /* WaitingScreenViewController.swift */; };
		93AC011A25B8BB79009F29CF /* WaitingScreenViewController.xib in Resources */ = {isa = PBXBuildFile; fileRef = 93AC011825B8BB79009F29CF /* WaitingScreenViewController.xib */; };
		93AC012025B8C059009F29CF /* UiViewController.swift in Sources */ = {isa = PBXBuildFile; fileRef = 93AC011F25B8C059009F29CF /* UiViewController.swift */; };
		93BA3C0125C97102001520D2 /* PlayMenuViewController.swift in Sources */ = {isa = PBXBuildFile; fileRef = 93BA3BFF25C97102001520D2 /* PlayMenuViewController.swift */; };
		93BA3C0225C97102001520D2 /* PlayMenuViewController.xib in Resources */ = {isa = PBXBuildFile; fileRef = 93BA3C0025C97102001520D2 /* PlayMenuViewController.xib */; };
		93BA3C0825C97115001520D2 /* ScoreMenuViewController.swift in Sources */ = {isa = PBXBuildFile; fileRef = 93BA3C0625C97115001520D2 /* ScoreMenuViewController.swift */; };
		93BA3C0925C97115001520D2 /* ScoreMenuViewController.xib in Resources */ = {isa = PBXBuildFile; fileRef = 93BA3C0725C97115001520D2 /* ScoreMenuViewController.xib */; };
		93BA3C0F25C97129001520D2 /* OptionMenuViewController.swift in Sources */ = {isa = PBXBuildFile; fileRef = 93BA3C0D25C97129001520D2 /* OptionMenuViewController.swift */; };
		93BA3C1025C97129001520D2 /* OptionMenuViewController.xib in Resources */ = {isa = PBXBuildFile; fileRef = 93BA3C0E25C97129001520D2 /* OptionMenuViewController.xib */; };
		93BA3C2C25C980F3001520D2 /* KGRedHands.ttf in Resources */ = {isa = PBXBuildFile; fileRef = 93BA3C2B25C980F3001520D2 /* KGRedHands.ttf */; };
		93BA3C3425C98111001520D2 /* PORKYS_.TTF in Resources */ = {isa = PBXBuildFile; fileRef = 93BA3C3325C98111001520D2 /* PORKYS_.TTF */; };
		93BA3C3925C9A137001520D2 /* Gameplay.swift in Sources */ = {isa = PBXBuildFile; fileRef = 93BA3C3825C9A137001520D2 /* Gameplay.swift */; };
		93BA3C3E25C9A2F7001520D2 /* GameplayWebServices.swift in Sources */ = {isa = PBXBuildFile; fileRef = 93BA3C3D25C9A2F7001520D2 /* GameplayWebServices.swift */; };
		93BA3C4325C9A639001520D2 /* GameplayFactory.swift in Sources */ = {isa = PBXBuildFile; fileRef = 93BA3C4225C9A639001520D2 /* GameplayFactory.swift */; };
		93BA3C4825C9CBCC001520D2 /* Theme.swift in Sources */ = {isa = PBXBuildFile; fileRef = 93BA3C4725C9CBCC001520D2 /* Theme.swift */; };
		93BA3C5525C9CEB7001520D2 /* ThemeWebServices.swift in Sources */ = {isa = PBXBuildFile; fileRef = 93BA3C5425C9CEB7001520D2 /* ThemeWebServices.swift */; };
		93DE44D525BB89550040AE5E /* MainMenuViewController.swift in Sources */ = {isa = PBXBuildFile; fileRef = 93DE44D325BB89550040AE5E /* MainMenuViewController.swift */; };
		93DE44D625BB89550040AE5E /* MainMenuViewController.xib in Resources */ = {isa = PBXBuildFile; fileRef = 93DE44D425BB89550040AE5E /* MainMenuViewController.xib */; };
		93F13DDF25D14D4E00C0EA8A /* ThemeFactory.swift in Sources */ = {isa = PBXBuildFile; fileRef = 93F13DDE25D14D4E00C0EA8A /* ThemeFactory.swift */; };
		93F16BDF25CC62D5007DB346 /* TimerCircle.swift in Sources */ = {isa = PBXBuildFile; fileRef = 93F16BDE25CC62D5007DB346 /* TimerCircle.swift */; };
		93F16BE725CC69BD007DB346 /* Music.swift in Sources */ = {isa = PBXBuildFile; fileRef = 93F16BE625CC69BD007DB346 /* Music.swift */; };
		93F16BEC25CC69C7007DB346 /* Detail.swift in Sources */ = {isa = PBXBuildFile; fileRef = 93F16BEB25CC69C7007DB346 /* Detail.swift */; };
		93F16BF125CC6E7A007DB346 /* Blindtest.swift in Sources */ = {isa = PBXBuildFile; fileRef = 93F16BF025CC6E7A007DB346 /* Blindtest.swift */; };
		93F16BF625CC6E89007DB346 /* Game.swift in Sources */ = {isa = PBXBuildFile; fileRef = 93F16BF525CC6E89007DB346 /* Game.swift */; };
		93F16BFB25CC7C98007DB346 /* SongWebServices.swift in Sources */ = {isa = PBXBuildFile; fileRef = 93F16BFA25CC7C98007DB346 /* SongWebServices.swift */; };
		93F16C0025CC7DB6007DB346 /* SongFactory.swift in Sources */ = {isa = PBXBuildFile; fileRef = 93F16BFF25CC7DB6007DB346 /* SongFactory.swift */; };
		93F16C0525CC89BA007DB346 /* DetailFactory.swift in Sources */ = {isa = PBXBuildFile; fileRef = 93F16C0425CC89BA007DB346 /* DetailFactory.swift */; };
		93F16C0A25CC8B43007DB346 /* DetailWebServices.swift in Sources */ = {isa = PBXBuildFile; fileRef = 93F16C0925CC8B42007DB346 /* DetailWebServices.swift */; };
/* End PBXBuildFile section */

/* Begin PBXContainerItemProxy section */
		930A8AD225B1B01C001D91CF /* PBXContainerItemProxy */ = {
			isa = PBXContainerItemProxy;
			containerPortal = 930A8AB325B1B01B001D91CF /* Project object */;
			proxyType = 1;
			remoteGlobalIDString = 930A8ABA25B1B01B001D91CF;
			remoteInfo = blindTestiOS;
		};
		930A8ADD25B1B01C001D91CF /* PBXContainerItemProxy */ = {
			isa = PBXContainerItemProxy;
			containerPortal = 930A8AB325B1B01B001D91CF /* Project object */;
			proxyType = 1;
			remoteGlobalIDString = 930A8ABA25B1B01B001D91CF;
			remoteInfo = blindTestiOS;
		};
/* End PBXContainerItemProxy section */

/* Begin PBXFileReference section */
		220F8A7C25D2D4440073DDD5 /* HMCharacteristic.swift */ = {isa = PBXFileReference; lastKnownFileType = sourcecode.swift; path = HMCharacteristic.swift; sourceTree = "<group>"; };
		227CF69825D42D9000023EF1 /* HMHome.swift */ = {isa = PBXFileReference; lastKnownFileType = sourcecode.swift; path = HMHome.swift; sourceTree = "<group>"; };
		227CF69D25D4314A00023EF1 /* HMRoom.swift */ = {isa = PBXFileReference; lastKnownFileType = sourcecode.swift; path = HMRoom.swift; sourceTree = "<group>"; };
		22D3B6CA25D251A700664EB7 /* HomeKit.framework */ = {isa = PBXFileReference; lastKnownFileType = wrapper.framework; name = HomeKit.framework; path = System/Library/Frameworks/HomeKit.framework; sourceTree = SDKROOT; };
		22D3B6CF25D2531B00664EB7 /* blindTestiOS.entitlements */ = {isa = PBXFileReference; lastKnownFileType = text.plist.entitlements; path = blindTestiOS.entitlements; sourceTree = "<group>"; };
		22D3B6D325D254F100664EB7 /* HomeStore.swift */ = {isa = PBXFileReference; lastKnownFileType = sourcecode.swift; path = HomeStore.swift; sourceTree = "<group>"; };
		930A8ABB25B1B01B001D91CF /* blindTestiOS.app */ = {isa = PBXFileReference; explicitFileType = wrapper.application; includeInIndex = 0; path = blindTestiOS.app; sourceTree = BUILT_PRODUCTS_DIR; };
		930A8ABE25B1B01B001D91CF /* AppDelegate.swift */ = {isa = PBXFileReference; lastKnownFileType = sourcecode.swift; path = AppDelegate.swift; sourceTree = "<group>"; };
		930A8AC725B1B01C001D91CF /* Assets.xcassets */ = {isa = PBXFileReference; lastKnownFileType = folder.assetcatalog; path = Assets.xcassets; sourceTree = "<group>"; };
		930A8ACC25B1B01C001D91CF /* Info.plist */ = {isa = PBXFileReference; lastKnownFileType = text.plist.xml; path = Info.plist; sourceTree = "<group>"; };
		930A8AD125B1B01C001D91CF /* blindTestiOSTests.xctest */ = {isa = PBXFileReference; explicitFileType = wrapper.cfbundle; includeInIndex = 0; path = blindTestiOSTests.xctest; sourceTree = BUILT_PRODUCTS_DIR; };
		930A8AD525B1B01C001D91CF /* blindTestiOSTests.swift */ = {isa = PBXFileReference; lastKnownFileType = sourcecode.swift; path = blindTestiOSTests.swift; sourceTree = "<group>"; };
		930A8AD725B1B01C001D91CF /* Info.plist */ = {isa = PBXFileReference; lastKnownFileType = text.plist.xml; path = Info.plist; sourceTree = "<group>"; };
		930A8ADC25B1B01C001D91CF /* blindTestiOSUITests.xctest */ = {isa = PBXFileReference; explicitFileType = wrapper.cfbundle; includeInIndex = 0; path = blindTestiOSUITests.xctest; sourceTree = BUILT_PRODUCTS_DIR; };
		930A8AE025B1B01C001D91CF /* blindTestiOSUITests.swift */ = {isa = PBXFileReference; lastKnownFileType = sourcecode.swift; path = blindTestiOSUITests.swift; sourceTree = "<group>"; };
		930A8AE225B1B01C001D91CF /* Info.plist */ = {isa = PBXFileReference; lastKnownFileType = text.plist.xml; path = Info.plist; sourceTree = "<group>"; };
		930A8AF825B1B1A4001D91CF /* WelcomeViewController.swift */ = {isa = PBXFileReference; lastKnownFileType = sourcecode.swift; path = WelcomeViewController.swift; sourceTree = "<group>"; };
		930A8AF925B1B1A4001D91CF /* WelcomeViewController.xib */ = {isa = PBXFileReference; lastKnownFileType = file.xib; path = WelcomeViewController.xib; sourceTree = "<group>"; };
		930A8B0425B1DE29001D91CF /* GameKit.framework */ = {isa = PBXFileReference; lastKnownFileType = wrapper.framework; name = GameKit.framework; path = System/Library/Frameworks/GameKit.framework; sourceTree = SDKROOT; };
		9345B7DD25BDAF0700E2B406 /* InGameViewController.swift */ = {isa = PBXFileReference; lastKnownFileType = sourcecode.swift; path = InGameViewController.swift; sourceTree = "<group>"; };
		9345B7DE25BDAF0700E2B406 /* InGameViewController.xib */ = {isa = PBXFileReference; lastKnownFileType = file.xib; path = InGameViewController.xib; sourceTree = "<group>"; };
		9365846B25BEDE82002E6CB6 /* UserWebServices.swift */ = {isa = PBXFileReference; lastKnownFileType = sourcecode.swift; path = UserWebServices.swift; sourceTree = "<group>"; };
		9365847225BEDEEE002E6CB6 /* API.swift */ = {isa = PBXFileReference; lastKnownFileType = sourcecode.swift; path = API.swift; sourceTree = "<group>"; };
		9366E07125BB58D20043DEE0 /* User.swift */ = {isa = PBXFileReference; lastKnownFileType = sourcecode.swift; path = User.swift; sourceTree = "<group>"; };
		9366E07625BB58DE0043DEE0 /* UserFactory.swift */ = {isa = PBXFileReference; lastKnownFileType = sourcecode.swift; path = UserFactory.swift; sourceTree = "<group>"; };
		937FE0D725BB41AA00527447 /* UITextField.swift */ = {isa = PBXFileReference; lastKnownFileType = sourcecode.swift; path = UITextField.swift; sourceTree = "<group>"; };
		93984FE225CDC7C900AD2FF1 /* PauseViewController.swift */ = {isa = PBXFileReference; lastKnownFileType = sourcecode.swift; path = PauseViewController.swift; sourceTree = "<group>"; };
		93984FE325CDC7C900AD2FF1 /* PauseViewController.xib */ = {isa = PBXFileReference; lastKnownFileType = file.xib; path = PauseViewController.xib; sourceTree = "<group>"; };
		9398948825BEE1C400906699 /* ApiResponseFactory.swift */ = {isa = PBXFileReference; lastKnownFileType = sourcecode.swift; path = ApiResponseFactory.swift; sourceTree = "<group>"; };
		9398948D25BEE20B00906699 /* ApiResponse.swift */ = {isa = PBXFileReference; lastKnownFileType = sourcecode.swift; path = ApiResponse.swift; sourceTree = "<group>"; };
		93AC010625B8BB02009F29CF /* LoginViewController.swift */ = {isa = PBXFileReference; lastKnownFileType = sourcecode.swift; path = LoginViewController.swift; sourceTree = "<group>"; };
		93AC010725B8BB02009F29CF /* LoginViewController.xib */ = {isa = PBXFileReference; lastKnownFileType = file.xib; path = LoginViewController.xib; sourceTree = "<group>"; };
		93AC011025B8BB22009F29CF /* SignUpViewController.swift */ = {isa = PBXFileReference; lastKnownFileType = sourcecode.swift; path = SignUpViewController.swift; sourceTree = "<group>"; };
		93AC011125B8BB22009F29CF /* SignUpViewController.xib */ = {isa = PBXFileReference; lastKnownFileType = file.xib; path = SignUpViewController.xib; sourceTree = "<group>"; };
		93AC011725B8BB79009F29CF /* WaitingScreenViewController.swift */ = {isa = PBXFileReference; lastKnownFileType = sourcecode.swift; path = WaitingScreenViewController.swift; sourceTree = "<group>"; };
		93AC011825B8BB79009F29CF /* WaitingScreenViewController.xib */ = {isa = PBXFileReference; lastKnownFileType = file.xib; path = WaitingScreenViewController.xib; sourceTree = "<group>"; };
		93AC011F25B8C059009F29CF /* UiViewController.swift */ = {isa = PBXFileReference; lastKnownFileType = sourcecode.swift; path = UiViewController.swift; sourceTree = "<group>"; };
		93BA3BFF25C97102001520D2 /* PlayMenuViewController.swift */ = {isa = PBXFileReference; lastKnownFileType = sourcecode.swift; path = PlayMenuViewController.swift; sourceTree = "<group>"; };
		93BA3C0025C97102001520D2 /* PlayMenuViewController.xib */ = {isa = PBXFileReference; lastKnownFileType = file.xib; path = PlayMenuViewController.xib; sourceTree = "<group>"; };
		93BA3C0625C97115001520D2 /* ScoreMenuViewController.swift */ = {isa = PBXFileReference; lastKnownFileType = sourcecode.swift; path = ScoreMenuViewController.swift; sourceTree = "<group>"; };
		93BA3C0725C97115001520D2 /* ScoreMenuViewController.xib */ = {isa = PBXFileReference; lastKnownFileType = file.xib; path = ScoreMenuViewController.xib; sourceTree = "<group>"; };
		93BA3C0D25C97129001520D2 /* OptionMenuViewController.swift */ = {isa = PBXFileReference; lastKnownFileType = sourcecode.swift; path = OptionMenuViewController.swift; sourceTree = "<group>"; };
		93BA3C0E25C97129001520D2 /* OptionMenuViewController.xib */ = {isa = PBXFileReference; lastKnownFileType = file.xib; path = OptionMenuViewController.xib; sourceTree = "<group>"; };
		93BA3C2B25C980F3001520D2 /* KGRedHands.ttf */ = {isa = PBXFileReference; lastKnownFileType = file; path = KGRedHands.ttf; sourceTree = "<group>"; };
		93BA3C3325C98111001520D2 /* PORKYS_.TTF */ = {isa = PBXFileReference; lastKnownFileType = file; path = PORKYS_.TTF; sourceTree = "<group>"; };
		93BA3C3825C9A137001520D2 /* Gameplay.swift */ = {isa = PBXFileReference; lastKnownFileType = sourcecode.swift; path = Gameplay.swift; sourceTree = "<group>"; };
		93BA3C3D25C9A2F7001520D2 /* GameplayWebServices.swift */ = {isa = PBXFileReference; lastKnownFileType = sourcecode.swift; path = GameplayWebServices.swift; sourceTree = "<group>"; };
		93BA3C4225C9A639001520D2 /* GameplayFactory.swift */ = {isa = PBXFileReference; lastKnownFileType = sourcecode.swift; path = GameplayFactory.swift; sourceTree = "<group>"; };
		93BA3C4725C9CBCC001520D2 /* Theme.swift */ = {isa = PBXFileReference; lastKnownFileType = sourcecode.swift; path = Theme.swift; sourceTree = "<group>"; };
		93BA3C5425C9CEB7001520D2 /* ThemeWebServices.swift */ = {isa = PBXFileReference; lastKnownFileType = sourcecode.swift; path = ThemeWebServices.swift; sourceTree = "<group>"; };
		93DE44D325BB89550040AE5E /* MainMenuViewController.swift */ = {isa = PBXFileReference; lastKnownFileType = sourcecode.swift; path = MainMenuViewController.swift; sourceTree = "<group>"; };
		93DE44D425BB89550040AE5E /* MainMenuViewController.xib */ = {isa = PBXFileReference; lastKnownFileType = file.xib; path = MainMenuViewController.xib; sourceTree = "<group>"; };
		93F13DDE25D14D4E00C0EA8A /* ThemeFactory.swift */ = {isa = PBXFileReference; lastKnownFileType = sourcecode.swift; path = ThemeFactory.swift; sourceTree = "<group>"; };
		93F16BDE25CC62D5007DB346 /* TimerCircle.swift */ = {isa = PBXFileReference; lastKnownFileType = sourcecode.swift; path = TimerCircle.swift; sourceTree = "<group>"; };
		93F16BE625CC69BD007DB346 /* Music.swift */ = {isa = PBXFileReference; lastKnownFileType = sourcecode.swift; path = Music.swift; sourceTree = "<group>"; };
		93F16BEB25CC69C7007DB346 /* Detail.swift */ = {isa = PBXFileReference; lastKnownFileType = sourcecode.swift; path = Detail.swift; sourceTree = "<group>"; };
		93F16BF025CC6E7A007DB346 /* Blindtest.swift */ = {isa = PBXFileReference; lastKnownFileType = sourcecode.swift; path = Blindtest.swift; sourceTree = "<group>"; };
		93F16BF525CC6E89007DB346 /* Game.swift */ = {isa = PBXFileReference; lastKnownFileType = sourcecode.swift; path = Game.swift; sourceTree = "<group>"; };
		93F16BFA25CC7C98007DB346 /* SongWebServices.swift */ = {isa = PBXFileReference; lastKnownFileType = sourcecode.swift; path = SongWebServices.swift; sourceTree = "<group>"; };
		93F16BFF25CC7DB6007DB346 /* SongFactory.swift */ = {isa = PBXFileReference; lastKnownFileType = sourcecode.swift; path = SongFactory.swift; sourceTree = "<group>"; };
		93F16C0425CC89BA007DB346 /* DetailFactory.swift */ = {isa = PBXFileReference; lastKnownFileType = sourcecode.swift; path = DetailFactory.swift; sourceTree = "<group>"; };
		93F16C0925CC8B42007DB346 /* DetailWebServices.swift */ = {isa = PBXFileReference; lastKnownFileType = sourcecode.swift; path = DetailWebServices.swift; sourceTree = "<group>"; };
/* End PBXFileReference section */

/* Begin PBXFrameworksBuildPhase section */
		930A8AB825B1B01B001D91CF /* Frameworks */ = {
			isa = PBXFrameworksBuildPhase;
			buildActionMask = 2147483647;
			files = (
				22D3B6CB25D251A700664EB7 /* HomeKit.framework in Frameworks */,
				930A8B0525B1DE29001D91CF /* GameKit.framework in Frameworks */,
			);
			runOnlyForDeploymentPostprocessing = 0;
		};
		930A8ACE25B1B01C001D91CF /* Frameworks */ = {
			isa = PBXFrameworksBuildPhase;
			buildActionMask = 2147483647;
			files = (
			);
			runOnlyForDeploymentPostprocessing = 0;
		};
		930A8AD925B1B01C001D91CF /* Frameworks */ = {
			isa = PBXFrameworksBuildPhase;
			buildActionMask = 2147483647;
			files = (
			);
			runOnlyForDeploymentPostprocessing = 0;
		};
/* End PBXFrameworksBuildPhase section */

/* Begin PBXGroup section */
		930A8AB225B1B01B001D91CF = {
			isa = PBXGroup;
			children = (
				930A8ABD25B1B01B001D91CF /* blindTestiOS */,
				930A8AD425B1B01C001D91CF /* blindTestiOSTests */,
				930A8ADF25B1B01C001D91CF /* blindTestiOSUITests */,
				930A8ABC25B1B01B001D91CF /* Products */,
				930A8B0325B1DE29001D91CF /* Frameworks */,
			);
			sourceTree = "<group>";
			usesTabs = 0;
		};
		930A8ABC25B1B01B001D91CF /* Products */ = {
			isa = PBXGroup;
			children = (
				930A8ABB25B1B01B001D91CF /* blindTestiOS.app */,
				930A8AD125B1B01C001D91CF /* blindTestiOSTests.xctest */,
				930A8ADC25B1B01C001D91CF /* blindTestiOSUITests.xctest */,
			);
			name = Products;
			sourceTree = "<group>";
		};
		930A8ABD25B1B01B001D91CF /* blindTestiOS */ = {
			isa = PBXGroup;
			children = (
				22D3B6CF25D2531B00664EB7 /* blindTestiOS.entitlements */,
				9366E07025BB58BE0043DEE0 /* Services */,
				9366E06F25BB58B50043DEE0 /* Models */,
				93AC011E25B8C041009F29CF /* Extensions */,
				9345B7E725BEDA4300E2B406 /* Screens */,
				930A8B3B25B25E24001D91CF /* fonts */,
				930A8ABE25B1B01B001D91CF /* AppDelegate.swift */,
				930A8AC725B1B01C001D91CF /* Assets.xcassets */,
				930A8ACC25B1B01C001D91CF /* Info.plist */,
				22D3B6D325D254F100664EB7 /* HomeStore.swift */,
			);
			path = blindTestiOS;
			sourceTree = "<group>";
		};
		930A8AD425B1B01C001D91CF /* blindTestiOSTests */ = {
			isa = PBXGroup;
			children = (
				930A8AD525B1B01C001D91CF /* blindTestiOSTests.swift */,
				930A8AD725B1B01C001D91CF /* Info.plist */,
			);
			path = blindTestiOSTests;
			sourceTree = "<group>";
		};
		930A8ADF25B1B01C001D91CF /* blindTestiOSUITests */ = {
			isa = PBXGroup;
			children = (
				930A8AE025B1B01C001D91CF /* blindTestiOSUITests.swift */,
				930A8AE225B1B01C001D91CF /* Info.plist */,
			);
			path = blindTestiOSUITests;
			sourceTree = "<group>";
		};
		930A8B0325B1DE29001D91CF /* Frameworks */ = {
			isa = PBXGroup;
			children = (
				22D3B6CA25D251A700664EB7 /* HomeKit.framework */,
				930A8B0425B1DE29001D91CF /* GameKit.framework */,
			);
			name = Frameworks;
			sourceTree = "<group>";
		};
		930A8B3B25B25E24001D91CF /* fonts */ = {
			isa = PBXGroup;
			children = (
				93BA3C3325C98111001520D2 /* PORKYS_.TTF */,
				93BA3C2B25C980F3001520D2 /* KGRedHands.ttf */,
			);
			path = fonts;
			sourceTree = SOURCE_ROOT;
		};
		9345B7DC25BDAEE200E2B406 /* ScreenGame */ = {
			isa = PBXGroup;
			children = (
				9345B7DD25BDAF0700E2B406 /* InGameViewController.swift */,
				9345B7DE25BDAF0700E2B406 /* InGameViewController.xib */,
				93F16BDE25CC62D5007DB346 /* TimerCircle.swift */,
				93984FE225CDC7C900AD2FF1 /* PauseViewController.swift */,
				93984FE325CDC7C900AD2FF1 /* PauseViewController.xib */,
			);
			path = ScreenGame;
			sourceTree = "<group>";
		};
		9345B7E725BEDA4300E2B406 /* Screens */ = {
			isa = PBXGroup;
			children = (
				9345B7E825BEDA5700E2B406 /* ScreenWelcome */,
				93AC010525B8BAF1009F29CF /* ScreenLogin */,
				93DE44CF25BB89090040AE5E /* ScreenMenu */,
				9345B7DC25BDAEE200E2B406 /* ScreenGame */,
			);
			path = Screens;
			sourceTree = "<group>";
		};
		9345B7E825BEDA5700E2B406 /* ScreenWelcome */ = {
			isa = PBXGroup;
			children = (
				930A8AF825B1B1A4001D91CF /* WelcomeViewController.swift */,
				930A8AF925B1B1A4001D91CF /* WelcomeViewController.xib */,
				93AC011725B8BB79009F29CF /* WaitingScreenViewController.swift */,
				93AC011825B8BB79009F29CF /* WaitingScreenViewController.xib */,
			);
			path = ScreenWelcome;
			sourceTree = "<group>";
		};
		9365847025BEDE86002E6CB6 /* Http */ = {
			isa = PBXGroup;
			children = (
				9365846B25BEDE82002E6CB6 /* UserWebServices.swift */,
				93BA3C3D25C9A2F7001520D2 /* GameplayWebServices.swift */,
				93BA3C5425C9CEB7001520D2 /* ThemeWebServices.swift */,
				93F16BFA25CC7C98007DB346 /* SongWebServices.swift */,
				93F16C0925CC8B42007DB346 /* DetailWebServices.swift */,
			);
			path = Http;
			sourceTree = "<group>";
		};
		9365847125BEDE90002E6CB6 /* Factories */ = {
			isa = PBXGroup;
			children = (
				9398948825BEE1C400906699 /* ApiResponseFactory.swift */,
				9366E07625BB58DE0043DEE0 /* UserFactory.swift */,
				93BA3C4225C9A639001520D2 /* GameplayFactory.swift */,
				93F16BFF25CC7DB6007DB346 /* SongFactory.swift */,
				93F16C0425CC89BA007DB346 /* DetailFactory.swift */,
				93F13DDE25D14D4E00C0EA8A /* ThemeFactory.swift */,
			);
			path = Factories;
			sourceTree = "<group>";
		};
		9366E06F25BB58B50043DEE0 /* Models */ = {
			isa = PBXGroup;
			children = (
				9366E07125BB58D20043DEE0 /* User.swift */,
				9398948D25BEE20B00906699 /* ApiResponse.swift */,
				93BA3C3825C9A137001520D2 /* Gameplay.swift */,
				93BA3C4725C9CBCC001520D2 /* Theme.swift */,
				93F16BE625CC69BD007DB346 /* Music.swift */,
				93F16BEB25CC69C7007DB346 /* Detail.swift */,
				93F16BF025CC6E7A007DB346 /* Blindtest.swift */,
				93F16BF525CC6E89007DB346 /* Game.swift */,
			);
			path = Models;
			sourceTree = "<group>";
		};
		9366E07025BB58BE0043DEE0 /* Services */ = {
			isa = PBXGroup;
			children = (
				9365847025BEDE86002E6CB6 /* Http */,
				9365847125BEDE90002E6CB6 /* Factories */,
				9365847225BEDEEE002E6CB6 /* API.swift */,
			);
			path = Services;
			sourceTree = "<group>";
		};
		93AC010525B8BAF1009F29CF /* ScreenLogin */ = {
			isa = PBXGroup;
			children = (
				93AC010625B8BB02009F29CF /* LoginViewController.swift */,
				93AC010725B8BB02009F29CF /* LoginViewController.xib */,
				93AC011025B8BB22009F29CF /* SignUpViewController.swift */,
				93AC011125B8BB22009F29CF /* SignUpViewController.xib */,
			);
			path = ScreenLogin;
			sourceTree = "<group>";
		};
		93AC011E25B8C041009F29CF /* Extensions */ = {
			isa = PBXGroup;
			children = (
				93AC011F25B8C059009F29CF /* UiViewController.swift */,
				937FE0D725BB41AA00527447 /* UITextField.swift */,
				220F8A7C25D2D4440073DDD5 /* HMCharacteristic.swift */,
				227CF69825D42D9000023EF1 /* HMHome.swift */,
				227CF69D25D4314A00023EF1 /* HMRoom.swift */,
			);
			path = Extensions;
			sourceTree = "<group>";
		};
		93DE44CF25BB89090040AE5E /* ScreenMenu */ = {
			isa = PBXGroup;
			children = (
				93DE44D325BB89550040AE5E /* MainMenuViewController.swift */,
				93DE44D425BB89550040AE5E /* MainMenuViewController.xib */,
				93BA3BFF25C97102001520D2 /* PlayMenuViewController.swift */,
				93BA3C0025C97102001520D2 /* PlayMenuViewController.xib */,
				93BA3C0625C97115001520D2 /* ScoreMenuViewController.swift */,
				93BA3C0725C97115001520D2 /* ScoreMenuViewController.xib */,
				93BA3C0D25C97129001520D2 /* OptionMenuViewController.swift */,
				93BA3C0E25C97129001520D2 /* OptionMenuViewController.xib */,
			);
			path = ScreenMenu;
			sourceTree = "<group>";
		};
/* End PBXGroup section */

/* Begin PBXNativeTarget section */
		930A8ABA25B1B01B001D91CF /* blindTestiOS */ = {
			isa = PBXNativeTarget;
			buildConfigurationList = 930A8AE525B1B01C001D91CF /* Build configuration list for PBXNativeTarget "blindTestiOS" */;
			buildPhases = (
				930A8AB725B1B01B001D91CF /* Sources */,
				930A8AB825B1B01B001D91CF /* Frameworks */,
				930A8AB925B1B01B001D91CF /* Resources */,
			);
			buildRules = (
			);
			dependencies = (
			);
			name = blindTestiOS;
			productName = blindTestiOS;
			productReference = 930A8ABB25B1B01B001D91CF /* blindTestiOS.app */;
			productType = "com.apple.product-type.application";
		};
		930A8AD025B1B01C001D91CF /* blindTestiOSTests */ = {
			isa = PBXNativeTarget;
			buildConfigurationList = 930A8AE825B1B01C001D91CF /* Build configuration list for PBXNativeTarget "blindTestiOSTests" */;
			buildPhases = (
				930A8ACD25B1B01C001D91CF /* Sources */,
				930A8ACE25B1B01C001D91CF /* Frameworks */,
				930A8ACF25B1B01C001D91CF /* Resources */,
			);
			buildRules = (
			);
			dependencies = (
				930A8AD325B1B01C001D91CF /* PBXTargetDependency */,
			);
			name = blindTestiOSTests;
			productName = blindTestiOSTests;
			productReference = 930A8AD125B1B01C001D91CF /* blindTestiOSTests.xctest */;
			productType = "com.apple.product-type.bundle.unit-test";
		};
		930A8ADB25B1B01C001D91CF /* blindTestiOSUITests */ = {
			isa = PBXNativeTarget;
			buildConfigurationList = 930A8AEB25B1B01C001D91CF /* Build configuration list for PBXNativeTarget "blindTestiOSUITests" */;
			buildPhases = (
				930A8AD825B1B01C001D91CF /* Sources */,
				930A8AD925B1B01C001D91CF /* Frameworks */,
				930A8ADA25B1B01C001D91CF /* Resources */,
			);
			buildRules = (
			);
			dependencies = (
				930A8ADE25B1B01C001D91CF /* PBXTargetDependency */,
			);
			name = blindTestiOSUITests;
			productName = blindTestiOSUITests;
			productReference = 930A8ADC25B1B01C001D91CF /* blindTestiOSUITests.xctest */;
			productType = "com.apple.product-type.bundle.ui-testing";
		};
/* End PBXNativeTarget section */

/* Begin PBXProject section */
		930A8AB325B1B01B001D91CF /* Project object */ = {
			isa = PBXProject;
			attributes = {
				LastSwiftUpdateCheck = 1230;
				LastUpgradeCheck = 1230;
				TargetAttributes = {
					930A8ABA25B1B01B001D91CF = {
						CreatedOnToolsVersion = 12.3;
					};
					930A8AD025B1B01C001D91CF = {
						CreatedOnToolsVersion = 12.3;
						TestTargetID = 930A8ABA25B1B01B001D91CF;
					};
					930A8ADB25B1B01C001D91CF = {
						CreatedOnToolsVersion = 12.3;
						TestTargetID = 930A8ABA25B1B01B001D91CF;
					};
				};
			};
			buildConfigurationList = 930A8AB625B1B01B001D91CF /* Build configuration list for PBXProject "blindTestiOS" */;
			compatibilityVersion = "Xcode 9.3";
			developmentRegion = en;
			hasScannedForEncodings = 0;
			knownRegions = (
				en,
				Base,
			);
			mainGroup = 930A8AB225B1B01B001D91CF;
			productRefGroup = 930A8ABC25B1B01B001D91CF /* Products */;
			projectDirPath = "";
			projectRoot = "";
			targets = (
				930A8ABA25B1B01B001D91CF /* blindTestiOS */,
				930A8AD025B1B01C001D91CF /* blindTestiOSTests */,
				930A8ADB25B1B01C001D91CF /* blindTestiOSUITests */,
			);
		};
/* End PBXProject section */

/* Begin PBXResourcesBuildPhase section */
		930A8AB925B1B01B001D91CF /* Resources */ = {
			isa = PBXResourcesBuildPhase;
			buildActionMask = 2147483647;
			files = (
				93DE44D625BB89550040AE5E /* MainMenuViewController.xib in Resources */,
				9345B7E025BDAF0700E2B406 /* InGameViewController.xib in Resources */,
				93BA3C3425C98111001520D2 /* PORKYS_.TTF in Resources */,
				93984FE525CDC7C900AD2FF1 /* PauseViewController.xib in Resources */,
				93BA3C0925C97115001520D2 /* ScoreMenuViewController.xib in Resources */,
				93AC011A25B8BB79009F29CF /* WaitingScreenViewController.xib in Resources */,
				93AC011325B8BB22009F29CF /* SignUpViewController.xib in Resources */,
				93BA3C1025C97129001520D2 /* OptionMenuViewController.xib in Resources */,
				93AC010925B8BB02009F29CF /* LoginViewController.xib in Resources */,
				930A8AC825B1B01C001D91CF /* Assets.xcassets in Resources */,
				93BA3C2C25C980F3001520D2 /* KGRedHands.ttf in Resources */,
				930A8AFB25B1B1A4001D91CF /* WelcomeViewController.xib in Resources */,
				93BA3C0225C97102001520D2 /* PlayMenuViewController.xib in Resources */,
			);
			runOnlyForDeploymentPostprocessing = 0;
		};
		930A8ACF25B1B01C001D91CF /* Resources */ = {
			isa = PBXResourcesBuildPhase;
			buildActionMask = 2147483647;
			files = (
			);
			runOnlyForDeploymentPostprocessing = 0;
		};
		930A8ADA25B1B01C001D91CF /* Resources */ = {
			isa = PBXResourcesBuildPhase;
			buildActionMask = 2147483647;
			files = (
			);
			runOnlyForDeploymentPostprocessing = 0;
		};
/* End PBXResourcesBuildPhase section */

/* Begin PBXSourcesBuildPhase section */
		930A8AB725B1B01B001D91CF /* Sources */ = {
			isa = PBXSourcesBuildPhase;
			buildActionMask = 2147483647;
			files = (
				93AC010825B8BB02009F29CF /* LoginViewController.swift in Sources */,
				93F16BE725CC69BD007DB346 /* Music.swift in Sources */,
				93F16BEC25CC69C7007DB346 /* Detail.swift in Sources */,
				227CF69925D42D9000023EF1 /* HMHome.swift in Sources */,
				93BA3C0125C97102001520D2 /* PlayMenuViewController.swift in Sources */,
				93BA3C0F25C97129001520D2 /* OptionMenuViewController.swift in Sources */,
				93984FE425CDC7C900AD2FF1 /* PauseViewController.swift in Sources */,
				9365846C25BEDE82002E6CB6 /* UserWebServices.swift in Sources */,
				93AC011925B8BB79009F29CF /* WaitingScreenViewController.swift in Sources */,
				93F16BF125CC6E7A007DB346 /* Blindtest.swift in Sources */,
				9398948E25BEE20B00906699 /* ApiResponse.swift in Sources */,
				93F13DDF25D14D4E00C0EA8A /* ThemeFactory.swift in Sources */,
				93BA3C5525C9CEB7001520D2 /* ThemeWebServices.swift in Sources */,
				937FE0D825BB41AA00527447 /* UITextField.swift in Sources */,
				930A8ABF25B1B01B001D91CF /* AppDelegate.swift in Sources */,
				9366E07725BB58DE0043DEE0 /* UserFactory.swift in Sources */,
				9398948925BEE1C400906699 /* ApiResponseFactory.swift in Sources */,
				93BA3C0825C97115001520D2 /* ScoreMenuViewController.swift in Sources */,
				9345B7DF25BDAF0700E2B406 /* InGameViewController.swift in Sources */,
				93F16BF625CC6E89007DB346 /* Game.swift in Sources */,
				220F8A7D25D2D4440073DDD5 /* HMCharacteristic.swift in Sources */,
				93F16BFB25CC7C98007DB346 /* SongWebServices.swift in Sources */,
				9366E07225BB58D20043DEE0 /* User.swift in Sources */,
				9365847325BEDEEE002E6CB6 /* API.swift in Sources */,
				93BA3C3E25C9A2F7001520D2 /* GameplayWebServices.swift in Sources */,
				93BA3C4825C9CBCC001520D2 /* Theme.swift in Sources */,
				93F16C0025CC7DB6007DB346 /* SongFactory.swift in Sources */,
				93DE44D525BB89550040AE5E /* MainMenuViewController.swift in Sources */,
				93BA3C3925C9A137001520D2 /* Gameplay.swift in Sources */,
				93F16C0525CC89BA007DB346 /* DetailFactory.swift in Sources */,
				93BA3C4325C9A639001520D2 /* GameplayFactory.swift in Sources */,
				227CF69E25D4314A00023EF1 /* HMRoom.swift in Sources */,
				93AC011225B8BB22009F29CF /* SignUpViewController.swift in Sources */,
				93F16C0A25CC8B43007DB346 /* DetailWebServices.swift in Sources */,
				22D3B6D425D254F100664EB7 /* HomeStore.swift in Sources */,
				93AC012025B8C059009F29CF /* UiViewController.swift in Sources */,
				93F16BDF25CC62D5007DB346 /* TimerCircle.swift in Sources */,
				930A8AFA25B1B1A4001D91CF /* WelcomeViewController.swift in Sources */,
			);
			runOnlyForDeploymentPostprocessing = 0;
		};
		930A8ACD25B1B01C001D91CF /* Sources */ = {
			isa = PBXSourcesBuildPhase;
			buildActionMask = 2147483647;
			files = (
				930A8AD625B1B01C001D91CF /* blindTestiOSTests.swift in Sources */,
			);
			runOnlyForDeploymentPostprocessing = 0;
		};
		930A8AD825B1B01C001D91CF /* Sources */ = {
			isa = PBXSourcesBuildPhase;
			buildActionMask = 2147483647;
			files = (
				930A8AE125B1B01C001D91CF /* blindTestiOSUITests.swift in Sources */,
			);
			runOnlyForDeploymentPostprocessing = 0;
		};
/* End PBXSourcesBuildPhase section */

/* Begin PBXTargetDependency section */
		930A8AD325B1B01C001D91CF /* PBXTargetDependency */ = {
			isa = PBXTargetDependency;
			target = 930A8ABA25B1B01B001D91CF /* blindTestiOS */;
			targetProxy = 930A8AD225B1B01C001D91CF /* PBXContainerItemProxy */;
		};
		930A8ADE25B1B01C001D91CF /* PBXTargetDependency */ = {
			isa = PBXTargetDependency;
			target = 930A8ABA25B1B01B001D91CF /* blindTestiOS */;
			targetProxy = 930A8ADD25B1B01C001D91CF /* PBXContainerItemProxy */;
		};
/* End PBXTargetDependency section */

/* Begin XCBuildConfiguration section */
		930A8AE325B1B01C001D91CF /* Debug */ = {
			isa = XCBuildConfiguration;
			buildSettings = {
				ALWAYS_SEARCH_USER_PATHS = NO;
				CLANG_ANALYZER_NONNULL = YES;
				CLANG_ANALYZER_NUMBER_OBJECT_CONVERSION = YES_AGGRESSIVE;
				CLANG_CXX_LANGUAGE_STANDARD = "gnu++14";
				CLANG_CXX_LIBRARY = "libc++";
				CLANG_ENABLE_MODULES = YES;
				CLANG_ENABLE_OBJC_ARC = YES;
				CLANG_ENABLE_OBJC_WEAK = YES;
				CLANG_WARN_BLOCK_CAPTURE_AUTORELEASING = YES;
				CLANG_WARN_BOOL_CONVERSION = YES;
				CLANG_WARN_COMMA = YES;
				CLANG_WARN_CONSTANT_CONVERSION = YES;
				CLANG_WARN_DEPRECATED_OBJC_IMPLEMENTATIONS = YES;
				CLANG_WARN_DIRECT_OBJC_ISA_USAGE = YES_ERROR;
				CLANG_WARN_DOCUMENTATION_COMMENTS = YES;
				CLANG_WARN_EMPTY_BODY = YES;
				CLANG_WARN_ENUM_CONVERSION = YES;
				CLANG_WARN_INFINITE_RECURSION = YES;
				CLANG_WARN_INT_CONVERSION = YES;
				CLANG_WARN_NON_LITERAL_NULL_CONVERSION = YES;
				CLANG_WARN_OBJC_IMPLICIT_RETAIN_SELF = YES;
				CLANG_WARN_OBJC_LITERAL_CONVERSION = YES;
				CLANG_WARN_OBJC_ROOT_CLASS = YES_ERROR;
				CLANG_WARN_QUOTED_INCLUDE_IN_FRAMEWORK_HEADER = YES;
				CLANG_WARN_RANGE_LOOP_ANALYSIS = YES;
				CLANG_WARN_STRICT_PROTOTYPES = YES;
				CLANG_WARN_SUSPICIOUS_MOVE = YES;
				CLANG_WARN_UNGUARDED_AVAILABILITY = YES_AGGRESSIVE;
				CLANG_WARN_UNREACHABLE_CODE = YES;
				CLANG_WARN__DUPLICATE_METHOD_MATCH = YES;
				COPY_PHASE_STRIP = NO;
				DEBUG_INFORMATION_FORMAT = dwarf;
				ENABLE_STRICT_OBJC_MSGSEND = YES;
				ENABLE_TESTABILITY = YES;
				GCC_C_LANGUAGE_STANDARD = gnu11;
				GCC_DYNAMIC_NO_PIC = NO;
				GCC_NO_COMMON_BLOCKS = YES;
				GCC_OPTIMIZATION_LEVEL = 0;
				GCC_PREPROCESSOR_DEFINITIONS = (
					"DEBUG=1",
					"$(inherited)",
				);
				GCC_WARN_64_TO_32_BIT_CONVERSION = YES;
				GCC_WARN_ABOUT_RETURN_TYPE = YES_ERROR;
				GCC_WARN_UNDECLARED_SELECTOR = YES;
				GCC_WARN_UNINITIALIZED_AUTOS = YES_AGGRESSIVE;
				GCC_WARN_UNUSED_FUNCTION = YES;
				GCC_WARN_UNUSED_VARIABLE = YES;
				IPHONEOS_DEPLOYMENT_TARGET = 14.3;
				MTL_ENABLE_DEBUG_INFO = INCLUDE_SOURCE;
				MTL_FAST_MATH = YES;
				ONLY_ACTIVE_ARCH = YES;
				SDKROOT = iphoneos;
				SWIFT_ACTIVE_COMPILATION_CONDITIONS = DEBUG;
				SWIFT_OPTIMIZATION_LEVEL = "-Onone";
			};
			name = Debug;
		};
		930A8AE425B1B01C001D91CF /* Release */ = {
			isa = XCBuildConfiguration;
			buildSettings = {
				ALWAYS_SEARCH_USER_PATHS = NO;
				CLANG_ANALYZER_NONNULL = YES;
				CLANG_ANALYZER_NUMBER_OBJECT_CONVERSION = YES_AGGRESSIVE;
				CLANG_CXX_LANGUAGE_STANDARD = "gnu++14";
				CLANG_CXX_LIBRARY = "libc++";
				CLANG_ENABLE_MODULES = YES;
				CLANG_ENABLE_OBJC_ARC = YES;
				CLANG_ENABLE_OBJC_WEAK = YES;
				CLANG_WARN_BLOCK_CAPTURE_AUTORELEASING = YES;
				CLANG_WARN_BOOL_CONVERSION = YES;
				CLANG_WARN_COMMA = YES;
				CLANG_WARN_CONSTANT_CONVERSION = YES;
				CLANG_WARN_DEPRECATED_OBJC_IMPLEMENTATIONS = YES;
				CLANG_WARN_DIRECT_OBJC_ISA_USAGE = YES_ERROR;
				CLANG_WARN_DOCUMENTATION_COMMENTS = YES;
				CLANG_WARN_EMPTY_BODY = YES;
				CLANG_WARN_ENUM_CONVERSION = YES;
				CLANG_WARN_INFINITE_RECURSION = YES;
				CLANG_WARN_INT_CONVERSION = YES;
				CLANG_WARN_NON_LITERAL_NULL_CONVERSION = YES;
				CLANG_WARN_OBJC_IMPLICIT_RETAIN_SELF = YES;
				CLANG_WARN_OBJC_LITERAL_CONVERSION = YES;
				CLANG_WARN_OBJC_ROOT_CLASS = YES_ERROR;
				CLANG_WARN_QUOTED_INCLUDE_IN_FRAMEWORK_HEADER = YES;
				CLANG_WARN_RANGE_LOOP_ANALYSIS = YES;
				CLANG_WARN_STRICT_PROTOTYPES = YES;
				CLANG_WARN_SUSPICIOUS_MOVE = YES;
				CLANG_WARN_UNGUARDED_AVAILABILITY = YES_AGGRESSIVE;
				CLANG_WARN_UNREACHABLE_CODE = YES;
				CLANG_WARN__DUPLICATE_METHOD_MATCH = YES;
				COPY_PHASE_STRIP = NO;
				DEBUG_INFORMATION_FORMAT = "dwarf-with-dsym";
				ENABLE_NS_ASSERTIONS = NO;
				ENABLE_STRICT_OBJC_MSGSEND = YES;
				GCC_C_LANGUAGE_STANDARD = gnu11;
				GCC_NO_COMMON_BLOCKS = YES;
				GCC_WARN_64_TO_32_BIT_CONVERSION = YES;
				GCC_WARN_ABOUT_RETURN_TYPE = YES_ERROR;
				GCC_WARN_UNDECLARED_SELECTOR = YES;
				GCC_WARN_UNINITIALIZED_AUTOS = YES_AGGRESSIVE;
				GCC_WARN_UNUSED_FUNCTION = YES;
				GCC_WARN_UNUSED_VARIABLE = YES;
				IPHONEOS_DEPLOYMENT_TARGET = 14.3;
				MTL_ENABLE_DEBUG_INFO = NO;
				MTL_FAST_MATH = YES;
				SDKROOT = iphoneos;
				SWIFT_COMPILATION_MODE = wholemodule;
				SWIFT_OPTIMIZATION_LEVEL = "-O";
				VALIDATE_PRODUCT = YES;
			};
			name = Release;
		};
		930A8AE625B1B01C001D91CF /* Debug */ = {
			isa = XCBuildConfiguration;
			buildSettings = {
				ASSETCATALOG_COMPILER_APPICON_NAME = AppIcon;
				ASSETCATALOG_COMPILER_GLOBAL_ACCENT_COLOR_NAME = AccentColor;
				CODE_SIGN_ENTITLEMENTS = blindTestiOS/blindTestiOS.entitlements;
				CODE_SIGN_STYLE = Automatic;
				DEVELOPMENT_TEAM = "";
				INFOPLIST_FILE = blindTestiOS/Info.plist;
				LD_RUNPATH_SEARCH_PATHS = (
					"$(inherited)",
					"@executable_path/Frameworks",
				);
				PRODUCT_BUNDLE_IDENTIFIER = "thibma-rosee.blindTestiOS";
				PRODUCT_NAME = "$(TARGET_NAME)";
				SWIFT_VERSION = 5.0;
				TARGETED_DEVICE_FAMILY = "1,2";
			};
			name = Debug;
		};
		930A8AE725B1B01C001D91CF /* Release */ = {
			isa = XCBuildConfiguration;
			buildSettings = {
				ASSETCATALOG_COMPILER_APPICON_NAME = AppIcon;
				ASSETCATALOG_COMPILER_GLOBAL_ACCENT_COLOR_NAME = AccentColor;
				CODE_SIGN_ENTITLEMENTS = blindTestiOS/blindTestiOS.entitlements;
				CODE_SIGN_STYLE = Automatic;
				DEVELOPMENT_TEAM = "";
				INFOPLIST_FILE = blindTestiOS/Info.plist;
				LD_RUNPATH_SEARCH_PATHS = (
					"$(inherited)",
					"@executable_path/Frameworks",
				);
				PRODUCT_BUNDLE_IDENTIFIER = "thibma-rosee.blindTestiOS";
				PRODUCT_NAME = "$(TARGET_NAME)";
				SWIFT_VERSION = 5.0;
				TARGETED_DEVICE_FAMILY = "1,2";
			};
			name = Release;
		};
		930A8AE925B1B01C001D91CF /* Debug */ = {
			isa = XCBuildConfiguration;
			buildSettings = {
				ALWAYS_EMBED_SWIFT_STANDARD_LIBRARIES = YES;
				BUNDLE_LOADER = "$(TEST_HOST)";
				CODE_SIGN_STYLE = Automatic;
				INFOPLIST_FILE = blindTestiOSTests/Info.plist;
				IPHONEOS_DEPLOYMENT_TARGET = 14.3;
				LD_RUNPATH_SEARCH_PATHS = (
					"$(inherited)",
					"@executable_path/Frameworks",
					"@loader_path/Frameworks",
				);
				PRODUCT_BUNDLE_IDENTIFIER = "thibma-rosee.blindTestiOSTests";
				PRODUCT_NAME = "$(TARGET_NAME)";
				SWIFT_VERSION = 5.0;
				TARGETED_DEVICE_FAMILY = "1,2";
				TEST_HOST = "$(BUILT_PRODUCTS_DIR)/blindTestiOS.app/blindTestiOS";
			};
			name = Debug;
		};
		930A8AEA25B1B01C001D91CF /* Release */ = {
			isa = XCBuildConfiguration;
			buildSettings = {
				ALWAYS_EMBED_SWIFT_STANDARD_LIBRARIES = YES;
				BUNDLE_LOADER = "$(TEST_HOST)";
				CODE_SIGN_STYLE = Automatic;
				INFOPLIST_FILE = blindTestiOSTests/Info.plist;
				IPHONEOS_DEPLOYMENT_TARGET = 14.3;
				LD_RUNPATH_SEARCH_PATHS = (
					"$(inherited)",
					"@executable_path/Frameworks",
					"@loader_path/Frameworks",
				);
				PRODUCT_BUNDLE_IDENTIFIER = "thibma-rosee.blindTestiOSTests";
				PRODUCT_NAME = "$(TARGET_NAME)";
				SWIFT_VERSION = 5.0;
				TARGETED_DEVICE_FAMILY = "1,2";
				TEST_HOST = "$(BUILT_PRODUCTS_DIR)/blindTestiOS.app/blindTestiOS";
			};
			name = Release;
		};
		930A8AEC25B1B01C001D91CF /* Debug */ = {
			isa = XCBuildConfiguration;
			buildSettings = {
				ALWAYS_EMBED_SWIFT_STANDARD_LIBRARIES = YES;
				CODE_SIGN_STYLE = Automatic;
				INFOPLIST_FILE = blindTestiOSUITests/Info.plist;
				LD_RUNPATH_SEARCH_PATHS = (
					"$(inherited)",
					"@executable_path/Frameworks",
					"@loader_path/Frameworks",
				);
				PRODUCT_BUNDLE_IDENTIFIER = "thibma-rosee.blindTestiOSUITests";
				PRODUCT_NAME = "$(TARGET_NAME)";
				SWIFT_VERSION = 5.0;
				TARGETED_DEVICE_FAMILY = "1,2";
				TEST_TARGET_NAME = blindTestiOS;
			};
			name = Debug;
		};
		930A8AED25B1B01C001D91CF /* Release */ = {
			isa = XCBuildConfiguration;
			buildSettings = {
				ALWAYS_EMBED_SWIFT_STANDARD_LIBRARIES = YES;
				CODE_SIGN_STYLE = Automatic;
				INFOPLIST_FILE = blindTestiOSUITests/Info.plist;
				LD_RUNPATH_SEARCH_PATHS = (
					"$(inherited)",
					"@executable_path/Frameworks",
					"@loader_path/Frameworks",
				);
				PRODUCT_BUNDLE_IDENTIFIER = "thibma-rosee.blindTestiOSUITests";
				PRODUCT_NAME = "$(TARGET_NAME)";
				SWIFT_VERSION = 5.0;
				TARGETED_DEVICE_FAMILY = "1,2";
				TEST_TARGET_NAME = blindTestiOS;
			};
			name = Release;
		};
/* End XCBuildConfiguration section */

/* Begin XCConfigurationList section */
		930A8AB625B1B01B001D91CF /* Build configuration list for PBXProject "blindTestiOS" */ = {
			isa = XCConfigurationList;
			buildConfigurations = (
				930A8AE325B1B01C001D91CF /* Debug */,
				930A8AE425B1B01C001D91CF /* Release */,
			);
			defaultConfigurationIsVisible = 0;
			defaultConfigurationName = Release;
		};
		930A8AE525B1B01C001D91CF /* Build configuration list for PBXNativeTarget "blindTestiOS" */ = {
			isa = XCConfigurationList;
			buildConfigurations = (
				930A8AE625B1B01C001D91CF /* Debug */,
				930A8AE725B1B01C001D91CF /* Release */,
			);
			defaultConfigurationIsVisible = 0;
			defaultConfigurationName = Release;
		};
		930A8AE825B1B01C001D91CF /* Build configuration list for PBXNativeTarget "blindTestiOSTests" */ = {
			isa = XCConfigurationList;
			buildConfigurations = (
				930A8AE925B1B01C001D91CF /* Debug */,
				930A8AEA25B1B01C001D91CF /* Release */,
			);
			defaultConfigurationIsVisible = 0;
			defaultConfigurationName = Release;
		};
		930A8AEB25B1B01C001D91CF /* Build configuration list for PBXNativeTarget "blindTestiOSUITests" */ = {
			isa = XCConfigurationList;
			buildConfigurations = (
				930A8AEC25B1B01C001D91CF /* Debug */,
				930A8AED25B1B01C001D91CF /* Release */,
			);
			defaultConfigurationIsVisible = 0;
			defaultConfigurationName = Release;
		};
/* End XCConfigurationList section */
	};
	rootObject = 930A8AB325B1B01B001D91CF /* Project object */;
}
